
Microsoft Visual Studio Solution File, Format Version 12.00
# Visual Studio Version 17
VisualStudioVersion = 17.7.34202.233
MinimumVisualStudioVersion = 10.0.40219.1
Project("{FAE04EC0-301F-11D3-BF4B-00C04F79EFBC}") = "GameShop", "GameShop\GameShop.csproj", "{BBA4C496-070C-40B3-BC2E-8290730B508C}"
EndProject
Global
	GlobalSection(SolutionConfigurationPlatforms) = preSolution
		Debug|Any CPU = Debug|Any CPU
		Release|Any CPU = Release|Any CPU
	EndGlobalSection
	GlobalSection(ProjectConfigurationPlatforms) = postSolution
		{BBA4C496-070C-40B3-BC2E-8290730B508C}.Debug|Any CPU.ActiveCfg = Debug|Any CPU
		{BBA4C496-070C-40B3-BC2E-8290730B508C}.Debug|Any CPU.Build.0 = Debug|Any CPU
		{BBA4C496-070C-40B3-BC2E-8290730B508C}.Release|Any CPU.ActiveCfg = Release|Any CPU
		{BBA4C496-070C-40B3-BC2E-8290730B508C}.Release|Any CPU.Build.0 = Release|Any CPU
	EndGlobalSection
	GlobalSection(SolutionProperties) = preSolution
		HideSolutionNode = FALSE
	EndGlobalSection
	GlobalSection(ExtensibilityGlobals) = postSolution
		SolutionGuid = {7C01056E-8FB7-4FCF-93F4-79E614416987}
	EndGlobalSection
EndGlobal
